// !$*UTF8*$!
{
	archiveVersion = 1;
	classes = {
	};
	objectVersion = 46;
	objects = {

/* Begin PBXBuildFile section */
		885F892E1B0BF3B6009C82EB /* Settings.bundle in Resources */ = {isa = PBXBuildFile; fileRef = 885F892D1B0BF3B6009C82EB /* Settings.bundle */; };
		88691F2E1B02AAED0074CA0A /* AppDelegate.swift in Sources */ = {isa = PBXBuildFile; fileRef = 88691F2D1B02AAED0074CA0A /* AppDelegate.swift */; };
		88691F301B02AAED0074CA0A /* ViewController.swift in Sources */ = {isa = PBXBuildFile; fileRef = 88691F2F1B02AAED0074CA0A /* ViewController.swift */; };
		88691F351B02AAED0074CA0A /* Images.xcassets in Resources */ = {isa = PBXBuildFile; fileRef = 88691F341B02AAED0074CA0A /* Images.xcassets */; };
		88691F381B02AAED0074CA0A /* LaunchScreen.xib in Resources */ = {isa = PBXBuildFile; fileRef = 88691F361B02AAED0074CA0A /* LaunchScreen.xib */; };
		88691F441B02AAED0074CA0A /* TraxL16Tests.swift in Sources */ = {isa = PBXBuildFile; fileRef = 88691F431B02AAED0074CA0A /* TraxL16Tests.swift */; };
		88691F531B02AC0D0074CA0A /* GPX.swift in Sources */ = {isa = PBXBuildFile; fileRef = 88691F4D1B02AC0D0074CA0A /* GPX.swift */; };
		88691F541B02AC0D0074CA0A /* MKGPX.swift in Sources */ = {isa = PBXBuildFile; fileRef = 88691F4E1B02AC0D0074CA0A /* MKGPX.swift */; };
		88691F551B02AC0D0074CA0A /* GPXViewController.swift in Sources */ = {isa = PBXBuildFile; fileRef = 88691F4F1B02AC0D0074CA0A /* GPXViewController.swift */; };
		88691F561B02AC0D0074CA0A /* ImageViewController.swift in Sources */ = {isa = PBXBuildFile; fileRef = 88691F501B02AC0D0074CA0A /* ImageViewController.swift */; };
		88691F571B02AC0D0074CA0A /* Main.storyboard in Resources */ = {isa = PBXBuildFile; fileRef = 88691F511B02AC0D0074CA0A /* Main.storyboard */; };
		88691F581B02AC0D0074CA0A /* EditWaypointViewController.swift in Sources */ = {isa = PBXBuildFile; fileRef = 88691F521B02AC0D0074CA0A /* EditWaypointViewController.swift */; };
		88691F5A1B03C2970074CA0A /* EmbededImageViewController.swift in Sources */ = {isa = PBXBuildFile; fileRef = 88691F591B03C2970074CA0A /* EmbededImageViewController.swift */; };
		88691F5C1B03C8F40074CA0A /* SimpleMapViewController.swift in Sources */ = {isa = PBXBuildFile; fileRef = 88691F5B1B03C8F40074CA0A /* SimpleMapViewController.swift */; };
/* End PBXBuildFile section */

/* Begin PBXContainerItemProxy section */
		88691F3E1B02AAED0074CA0A /* PBXContainerItemProxy */ = {
			isa = PBXContainerItemProxy;
			containerPortal = 88691F201B02AAED0074CA0A /* Project object */;
			proxyType = 1;
			remoteGlobalIDString = 88691F271B02AAED0074CA0A;
			remoteInfo = TraxL16;
		};
/* End PBXContainerItemProxy section */

/* Begin PBXFileReference section */
		885F892B1B0BC7FD009C82EB /* info.plist */ = {isa = PBXFileReference; fileEncoding = 4; lastKnownFileType = text.plist.xml; name = info.plist; path = ../info.plist; sourceTree = "<group>"; };
		885F892D1B0BF3B6009C82EB /* Settings.bundle */ = {isa = PBXFileReference; lastKnownFileType = "wrapper.plug-in"; path = Settings.bundle; sourceTree = "<group>"; };
		88691F281B02AAED0074CA0A /* TraxL16.app */ = {isa = PBXFileReference; explicitFileType = wrapper.application; includeInIndex = 0; path = TraxL16.app; sourceTree = BUILT_PRODUCTS_DIR; };
		88691F2D1B02AAED0074CA0A /* AppDelegate.swift */ = {isa = PBXFileReference; lastKnownFileType = sourcecode.swift; path = AppDelegate.swift; sourceTree = "<group>"; };
		88691F2F1B02AAED0074CA0A /* ViewController.swift */ = {isa = PBXFileReference; lastKnownFileType = sourcecode.swift; path = ViewController.swift; sourceTree = "<group>"; };
		88691F341B02AAED0074CA0A /* Images.xcassets */ = {isa = PBXFileReference; lastKnownFileType = folder.assetcatalog; path = Images.xcassets; sourceTree = "<group>"; };
		88691F371B02AAED0074CA0A /* Base */ = {isa = PBXFileReference; lastKnownFileType = file.xib; name = Base; path = Base.lproj/LaunchScreen.xib; sourceTree = "<group>"; };
		88691F3D1B02AAED0074CA0A /* TraxL16Tests.xctest */ = {isa = PBXFileReference; explicitFileType = wrapper.cfbundle; includeInIndex = 0; path = TraxL16Tests.xctest; sourceTree = BUILT_PRODUCTS_DIR; };
		88691F421B02AAED0074CA0A /* Info.plist */ = {isa = PBXFileReference; lastKnownFileType = text.plist.xml; path = Info.plist; sourceTree = "<group>"; };
		88691F431B02AAED0074CA0A /* TraxL16Tests.swift */ = {isa = PBXFileReference; lastKnownFileType = sourcecode.swift; path = TraxL16Tests.swift; sourceTree = "<group>"; };
		88691F4D1B02AC0D0074CA0A /* GPX.swift */ = {isa = PBXFileReference; fileEncoding = 4; lastKnownFileType = sourcecode.swift; path = GPX.swift; sourceTree = "<group>"; };
		88691F4E1B02AC0D0074CA0A /* MKGPX.swift */ = {isa = PBXFileReference; fileEncoding = 4; lastKnownFileType = sourcecode.swift; path = MKGPX.swift; sourceTree = "<group>"; };
		88691F4F1B02AC0D0074CA0A /* GPXViewController.swift */ = {isa = PBXFileReference; fileEncoding = 4; lastKnownFileType = sourcecode.swift; path = GPXViewController.swift; sourceTree = "<group>"; };
		88691F501B02AC0D0074CA0A /* ImageViewController.swift */ = {isa = PBXFileReference; fileEncoding = 4; lastKnownFileType = sourcecode.swift; path = ImageViewController.swift; sourceTree = "<group>"; };
		88691F511B02AC0D0074CA0A /* Main.storyboard */ = {isa = PBXFileReference; fileEncoding = 4; lastKnownFileType = file.storyboard; path = Main.storyboard; sourceTree = "<group>"; };
		88691F521B02AC0D0074CA0A /* EditWaypointViewController.swift */ = {isa = PBXFileReference; fileEncoding = 4; lastKnownFileType = sourcecode.swift; path = EditWaypointViewController.swift; sourceTree = "<group>"; };
		88691F591B03C2970074CA0A /* EmbededImageViewController.swift */ = {isa = PBXFileReference; fileEncoding = 4; lastKnownFileType = sourcecode.swift; path = EmbededImageViewController.swift; sourceTree = "<group>"; };
		88691F5B1B03C8F40074CA0A /* SimpleMapViewController.swift */ = {isa = PBXFileReference; fileEncoding = 4; lastKnownFileType = sourcecode.swift; path = SimpleMapViewController.swift; sourceTree = "<group>"; };
/* End PBXFileReference section */

/* Begin PBXFrameworksBuildPhase section */
		88691F251B02AAED0074CA0A /* Frameworks */ = {
			isa = PBXFrameworksBuildPhase;
			buildActionMask = 2147483647;
			files = (
			);
			runOnlyForDeploymentPostprocessing = 0;
		};
		88691F3A1B02AAED0074CA0A /* Frameworks */ = {
			isa = PBXFrameworksBuildPhase;
			buildActionMask = 2147483647;
			files = (
			);
			runOnlyForDeploymentPostprocessing = 0;
		};
/* End PBXFrameworksBuildPhase section */

/* Begin PBXGroup section */
		88691F1F1B02AAEC0074CA0A = {
			isa = PBXGroup;
			children = (
				88691F2A1B02AAED0074CA0A /* TraxL16 */,
				88691F401B02AAED0074CA0A /* TraxL16Tests */,
				88691F291B02AAED0074CA0A /* Products */,
			);
			sourceTree = "<group>";
		};
		88691F291B02AAED0074CA0A /* Products */ = {
			isa = PBXGroup;
			children = (
				88691F281B02AAED0074CA0A /* TraxL16.app */,
				88691F3D1B02AAED0074CA0A /* TraxL16Tests.xctest */,
			);
			name = Products;
			sourceTree = "<group>";
		};
		88691F2A1B02AAED0074CA0A /* TraxL16 */ = {
			isa = PBXGroup;
			children = (
				88691F511B02AC0D0074CA0A /* Main.storyboard */,
				88691F2D1B02AAED0074CA0A /* AppDelegate.swift */,
				88691F4D1B02AC0D0074CA0A /* GPX.swift */,
				88691F4E1B02AC0D0074CA0A /* MKGPX.swift */,
				88691F4F1B02AC0D0074CA0A /* GPXViewController.swift */,
				885F892D1B0BF3B6009C82EB /* Settings.bundle */,
				88691F501B02AC0D0074CA0A /* ImageViewController.swift */,
				88691F521B02AC0D0074CA0A /* EditWaypointViewController.swift */,
				88691F591B03C2970074CA0A /* EmbededImageViewController.swift */,
				88691F5B1B03C8F40074CA0A /* SimpleMapViewController.swift */,
				885F892B1B0BC7FD009C82EB /* info.plist */,
				88691F2B1B02AAED0074CA0A /* Supporting Files */,
			);
			path = TraxL16;
			sourceTree = "<group>";
		};
		88691F2B1B02AAED0074CA0A /* Supporting Files */ = {
			isa = PBXGroup;
			children = (
				88691F341B02AAED0074CA0A /* Images.xcassets */,
				88691F361B02AAED0074CA0A /* LaunchScreen.xib */,
				88691F2F1B02AAED0074CA0A /* ViewController.swift */,
			);
			name = "Supporting Files";
			sourceTree = "<group>";
		};
		88691F401B02AAED0074CA0A /* TraxL16Tests */ = {
			isa = PBXGroup;
			children = (
				88691F431B02AAED0074CA0A /* TraxL16Tests.swift */,
				88691F411B02AAED0074CA0A /* Supporting Files */,
			);
			path = TraxL16Tests;
			sourceTree = "<group>";
		};
		88691F411B02AAED0074CA0A /* Supporting Files */ = {
			isa = PBXGroup;
			children = (
				88691F421B02AAED0074CA0A /* Info.plist */,
			);
			name = "Supporting Files";
			sourceTree = "<group>";
		};
/* End PBXGroup section */

/* Begin PBXNativeTarget section */
		88691F271B02AAED0074CA0A /* TraxL16 */ = {
			isa = PBXNativeTarget;
			buildConfigurationList = 88691F471B02AAED0074CA0A /* Build configuration list for PBXNativeTarget "TraxL16" */;
			buildPhases = (
				88691F241B02AAED0074CA0A /* Sources */,
				88691F251B02AAED0074CA0A /* Frameworks */,
				88691F261B02AAED0074CA0A /* Resources */,
			);
			buildRules = (
			);
			dependencies = (
			);
			name = TraxL16;
			productName = TraxL16;
			productReference = 88691F281B02AAED0074CA0A /* TraxL16.app */;
			productType = "com.apple.product-type.application";
		};
		88691F3C1B02AAED0074CA0A /* TraxL16Tests */ = {
			isa = PBXNativeTarget;
			buildConfigurationList = 88691F4A1B02AAED0074CA0A /* Build configuration list for PBXNativeTarget "TraxL16Tests" */;
			buildPhases = (
				88691F391B02AAED0074CA0A /* Sources */,
				88691F3A1B02AAED0074CA0A /* Frameworks */,
				88691F3B1B02AAED0074CA0A /* Resources */,
			);
			buildRules = (
			);
			dependencies = (
				88691F3F1B02AAED0074CA0A /* PBXTargetDependency */,
			);
			name = TraxL16Tests;
			productName = TraxL16Tests;
			productReference = 88691F3D1B02AAED0074CA0A /* TraxL16Tests.xctest */;
			productType = "com.apple.product-type.bundle.unit-test";
		};
/* End PBXNativeTarget section */

/* Begin PBXProject section */
		88691F201B02AAED0074CA0A /* Project object */ = {
			isa = PBXProject;
			attributes = {
				LastUpgradeCheck = 0640;
				ORGANIZATIONNAME = "Garth MacKenzie";
				TargetAttributes = {
					88691F271B02AAED0074CA0A = {
						CreatedOnToolsVersion = 6.3.2;
						DevelopmentTeam = 7P9362E76E;
					};
					88691F3C1B02AAED0074CA0A = {
						CreatedOnToolsVersion = 6.3.2;
						TestTargetID = 88691F271B02AAED0074CA0A;
					};
				};
			};
			buildConfigurationList = 88691F231B02AAED0074CA0A /* Build configuration list for PBXProject "TraxL16" */;
			compatibilityVersion = "Xcode 3.2";
			developmentRegion = English;
			hasScannedForEncodings = 0;
			knownRegions = (
				en,
				Base,
			);
			mainGroup = 88691F1F1B02AAEC0074CA0A;
			productRefGroup = 88691F291B02AAED0074CA0A /* Products */;
			projectDirPath = "";
			projectRoot = "";
			targets = (
				88691F271B02AAED0074CA0A /* TraxL16 */,
				88691F3C1B02AAED0074CA0A /* TraxL16Tests */,
			);
		};
/* End PBXProject section */

/* Begin PBXResourcesBuildPhase section */
		88691F261B02AAED0074CA0A /* Resources */ = {
			isa = PBXResourcesBuildPhase;
			buildActionMask = 2147483647;
			files = (
				885F892E1B0BF3B6009C82EB /* Settings.bundle in Resources */,
				88691F571B02AC0D0074CA0A /* Main.storyboard in Resources */,
				88691F381B02AAED0074CA0A /* LaunchScreen.xib in Resources */,
				88691F351B02AAED0074CA0A /* Images.xcassets in Resources */,
			);
			runOnlyForDeploymentPostprocessing = 0;
		};
		88691F3B1B02AAED0074CA0A /* Resources */ = {
			isa = PBXResourcesBuildPhase;
			buildActionMask = 2147483647;
			files = (
			);
			runOnlyForDeploymentPostprocessing = 0;
		};
/* End PBXResourcesBuildPhase section */

/* Begin PBXSourcesBuildPhase section */
		88691F241B02AAED0074CA0A /* Sources */ = {
			isa = PBXSourcesBuildPhase;
			buildActionMask = 2147483647;
			files = (
				88691F301B02AAED0074CA0A /* ViewController.swift in Sources */,
				88691F551B02AC0D0074CA0A /* GPXViewController.swift in Sources */,
				88691F581B02AC0D0074CA0A /* EditWaypointViewController.swift in Sources */,
				88691F541B02AC0D0074CA0A /* MKGPX.swift in Sources */,
				88691F2E1B02AAED0074CA0A /* AppDelegate.swift in Sources */,
				88691F561B02AC0D0074CA0A /* ImageViewController.swift in Sources */,
				88691F5C1B03C8F40074CA0A /* SimpleMapViewController.swift in Sources */,
				88691F5A1B03C2970074CA0A /* EmbededImageViewController.swift in Sources */,
				88691F531B02AC0D0074CA0A /* GPX.swift in Sources */,
			);
			runOnlyForDeploymentPostprocessing = 0;
		};
		88691F391B02AAED0074CA0A /* Sources */ = {
			isa = PBXSourcesBuildPhase;
			buildActionMask = 2147483647;
			files = (
				88691F441B02AAED0074CA0A /* TraxL16Tests.swift in Sources */,
			);
			runOnlyForDeploymentPostprocessing = 0;
		};
/* End PBXSourcesBuildPhase section */

/* Begin PBXTargetDependency section */
		88691F3F1B02AAED0074CA0A /* PBXTargetDependency */ = {
			isa = PBXTargetDependency;
			target = 88691F271B02AAED0074CA0A /* TraxL16 */;
			targetProxy = 88691F3E1B02AAED0074CA0A /* PBXContainerItemProxy */;
		};
/* End PBXTargetDependency section */

/* Begin PBXVariantGroup section */
		88691F361B02AAED0074CA0A /* LaunchScreen.xib */ = {
			isa = PBXVariantGroup;
			children = (
				88691F371B02AAED0074CA0A /* Base */,
			);
			name = LaunchScreen.xib;
			sourceTree = "<group>";
		};
/* End PBXVariantGroup section */

/* Begin XCBuildConfiguration section */
		88691F451B02AAED0074CA0A /* Debug */ = {
			isa = XCBuildConfiguration;
			buildSettings = {
				ALWAYS_SEARCH_USER_PATHS = NO;
				CLANG_CXX_LANGUAGE_STANDARD = "gnu++0x";
				CLANG_CXX_LIBRARY = "libc++";
				CLANG_ENABLE_MODULES = YES;
				CLANG_ENABLE_OBJC_ARC = YES;
				CLANG_WARN_BOOL_CONVERSION = YES;
				CLANG_WARN_CONSTANT_CONVERSION = YES;
				CLANG_WARN_DIRECT_OBJC_ISA_USAGE = YES_ERROR;
				CLANG_WARN_EMPTY_BODY = YES;
				CLANG_WARN_ENUM_CONVERSION = YES;
				CLANG_WARN_INT_CONVERSION = YES;
				CLANG_WARN_OBJC_ROOT_CLASS = YES_ERROR;
				CLANG_WARN_UNREACHABLE_CODE = YES;
				CLANG_WARN__DUPLICATE_METHOD_MATCH = YES;
				"CODE_SIGN_IDENTITY[sdk=iphoneos*]" = "iPhone Developer";
				COPY_PHASE_STRIP = NO;
				DEBUG_INFORMATION_FORMAT = "dwarf-with-dsym";
				ENABLE_STRICT_OBJC_MSGSEND = YES;
				GCC_C_LANGUAGE_STANDARD = gnu99;
				GCC_DYNAMIC_NO_PIC = NO;
				GCC_NO_COMMON_BLOCKS = YES;
				GCC_OPTIMIZATION_LEVEL = 0;
				GCC_PREPROCESSOR_DEFINITIONS = (
					"DEBUG=1",
					"$(inherited)",
				);
				GCC_SYMBOLS_PRIVATE_EXTERN = NO;
				GCC_WARN_64_TO_32_BIT_CONVERSION = YES;
				GCC_WARN_ABOUT_RETURN_TYPE = YES_ERROR;
				GCC_WARN_UNDECLARED_SELECTOR = YES;
				GCC_WARN_UNINITIALIZED_AUTOS = YES_AGGRESSIVE;
				GCC_WARN_UNUSED_FUNCTION = YES;
				GCC_WARN_UNUSED_VARIABLE = YES;
				IPHONEOS_DEPLOYMENT_TARGET = 8.3;
				MTL_ENABLE_DEBUG_INFO = YES;
				ONLY_ACTIVE_ARCH = YES;
				SDKROOT = iphoneos;
				SWIFT_OPTIMIZATION_LEVEL = "-Onone";
				TARGETED_DEVICE_FAMILY = "1,2";
			};
			name = Debug;
		};
		88691F461B02AAED0074CA0A /* Release */ = {
			isa = XCBuildConfiguration;
			buildSettings = {
				ALWAYS_SEARCH_USER_PATHS = NO;
				CLANG_CXX_LANGUAGE_STANDARD = "gnu++0x";
				CLANG_CXX_LIBRARY = "libc++";
				CLANG_ENABLE_MODULES = YES;
				CLANG_ENABLE_OBJC_ARC = YES;
				CLANG_WARN_BOOL_CONVERSION = YES;
				CLANG_WARN_CONSTANT_CONVERSION = YES;
				CLANG_WARN_DIRECT_OBJC_ISA_USAGE = YES_ERROR;
				CLANG_WARN_EMPTY_BODY = YES;
				CLANG_WARN_ENUM_CONVERSION = YES;
				CLANG_WARN_INT_CONVERSION = YES;
				CLANG_WARN_OBJC_ROOT_CLASS = YES_ERROR;
				CLANG_WARN_UNREACHABLE_CODE = YES;
				CLANG_WARN__DUPLICATE_METHOD_MATCH = YES;
				"CODE_SIGN_IDENTITY[sdk=iphoneos*]" = "iPhone Developer";
				COPY_PHASE_STRIP = NO;
				DEBUG_INFORMATION_FORMAT = "dwarf-with-dsym";
				ENABLE_NS_ASSERTIONS = NO;
				ENABLE_STRICT_OBJC_MSGSEND = YES;
				GCC_C_LANGUAGE_STANDARD = gnu99;
				GCC_NO_COMMON_BLOCKS = YES;
				GCC_WARN_64_TO_32_BIT_CONVERSION = YES;
				GCC_WARN_ABOUT_RETURN_TYPE = YES_ERROR;
				GCC_WARN_UNDECLARED_SELECTOR = YES;
				GCC_WARN_UNINITIALIZED_AUTOS = YES_AGGRESSIVE;
				GCC_WARN_UNUSED_FUNCTION = YES;
				GCC_WARN_UNUSED_VARIABLE = YES;
				IPHONEOS_DEPLOYMENT_TARGET = 8.3;
				MTL_ENABLE_DEBUG_INFO = NO;
				SDKROOT = iphoneos;
				TARGETED_DEVICE_FAMILY = "1,2";
				VALIDATE_PRODUCT = YES;
			};
			name = Release;
		};
		88691F481B02AAED0074CA0A /* Debug */ = {
			isa = XCBuildConfiguration;
			buildSettings = {
				ASSETCATALOG_COMPILER_APPICON_NAME = AppIcon;
				CODE_SIGN_IDENTITY = "iPhone Developer";
				INFOPLIST_FILE = "$(SRCROOT)/info.plist";
				LD_RUNPATH_SEARCH_PATHS = "$(inherited) @executable_path/Frameworks";
				PRODUCT_NAME = "$(TARGET_NAME)";
			};
			name = Debug;
		};
		88691F491B02AAED0074CA0A /* Release */ = {
			isa = XCBuildConfiguration;
			buildSettings = {
				ASSETCATALOG_COMPILER_APPICON_NAME = AppIcon;
				CODE_SIGN_IDENTITY = "iPhone Developer";
				INFOPLIST_FILE = "$(SRCROOT)/info.plist";
				LD_RUNPATH_SEARCH_PATHS = "$(inherited) @executable_path/Frameworks";
				PRODUCT_NAME = "$(TARGET_NAME)";
			};
			name = Release;
		};
		88691F4B1B02AAED0074CA0A /* Debug */ = {
			isa = XCBuildConfiguration;
			buildSettings = {
				BUNDLE_LOADER = "$(TEST_HOST)";
				FRAMEWORK_SEARCH_PATHS = (
					"$(SDKROOT)/Developer/Library/Frameworks",
					"$(inherited)",
				);
				GCC_PREPROCESSOR_DEFINITIONS = (
					"DEBUG=1",
					"$(inherited)",
				);
				INFOPLIST_FILE = TraxL16Tests/Info.plist;
				LD_RUNPATH_SEARCH_PATHS = "$(inherited) @executable_path/Frameworks @loader_path/Frameworks";
				PRODUCT_NAME = "$(TARGET_NAME)";
				TEST_HOST = "$(BUILT_PRODUCTS_DIR)/TraxL16.app/TraxL16";
			};
			name = Debug;
		};
		88691F4C1B02AAED0074CA0A /* Release */ = {
			isa = XCBuildConfiguration;
			buildSettings = {
				BUNDLE_LOADER = "$(TEST_HOST)";
				FRAMEWORK_SEARCH_PATHS = (
					"$(SDKROOT)/Developer/Library/Frameworks",
					"$(inherited)",
				);
				INFOPLIST_FILE = TraxL16Tests/Info.plist;
				LD_RUNPATH_SEARCH_PATHS = "$(inherited) @executable_path/Frameworks @loader_path/Frameworks";
				PRODUCT_NAME = "$(TARGET_NAME)";
				TEST_HOST = "$(BUILT_PRODUCTS_DIR)/TraxL16.app/TraxL16";
			};
			name = Release;
		};
/* End XCBuildConfiguration section */

/* Begin XCConfigurationList section */
		88691F231B02AAED0074CA0A /* Build configuration list for PBXProject "TraxL16" */ = {
			isa = XCConfigurationList;
			buildConfigurations = (
				88691F451B02AAED0074CA0A /* Debug */,
				88691F461B02AAED0074CA0A /* Release */,
			);
			defaultConfigurationIsVisible = 0;
			defaultConfigurationName = Release;
		};
		88691F471B02AAED0074CA0A /* Build configuration list for PBXNativeTarget "TraxL16" */ = {
			isa = XCConfigurationList;
			buildConfigurations = (
				88691F481B02AAED0074CA0A /* Debug */,
				88691F491B02AAED0074CA0A /* Release */,
			);
			defaultConfigurationIsVisible = 0;
			defaultConfigurationName = Release;
		};
		88691F4A1B02AAED0074CA0A /* Build configuration list for PBXNativeTarget "TraxL16Tests" */ = {
			isa = XCConfigurationList;
			buildConfigurations = (
				88691F4B1B02AAED0074CA0A /* Debug */,
				88691F4C1B02AAED0074CA0A /* Release */,
			);
			defaultConfigurationIsVisible = 0;
			defaultConfigurationName = Release;
		};
/* End XCConfigurationList section */
	};
	rootObject = 88691F201B02AAED0074CA0A /* Project object */;
}
